
Microsoft Visual Studio Solution File, Format Version 12.00
# Visual Studio Version 16
VisualStudioVersion = 16.0.32407.337
MinimumVisualStudioVersion = 10.0.40219.1
Project("{FAE04EC0-301F-11D3-BF4B-00C04F79EFBC}") = "FinalProject", "FinalProject\FinalProject.csproj", "{B1C0698A-B571-4D15-84AB-1DD5B56202E4}"
EndProject
Global
	GlobalSection(SolutionConfigurationPlatforms) = preSolution
		Debug|Any CPU = Debug|Any CPU
		Release|Any CPU = Release|Any CPU
	EndGlobalSection
	GlobalSection(ProjectConfigurationPlatforms) = postSolution
		{B1C0698A-B571-4D15-84AB-1DD5B56202E4}.Debug|Any CPU.ActiveCfg = Debug|Any CPU
		{B1C0698A-B571-4D15-84AB-1DD5B56202E4}.Debug|Any CPU.Build.0 = Debug|Any CPU
		{B1C0698A-B571-4D15-84AB-1DD5B56202E4}.Release|Any CPU.ActiveCfg = Release|Any CPU
		{B1C0698A-B571-4D15-84AB-1DD5B56202E4}.Release|Any CPU.Build.0 = Release|Any CPU
	EndGlobalSection
	GlobalSection(SolutionProperties) = preSolution
		HideSolutionNode = FALSE
	EndGlobalSection
	GlobalSection(ExtensibilityGlobals) = postSolution
		SolutionGuid = {AC879115-4DBD-40D7-A36E-26FD0B92FCC1}
	EndGlobalSection
EndGlobal
